
Microsoft Visual Studio Solution File, Format Version 12.00
# Visual Studio 15
VisualStudioVersion = 15.0.27130.2024
MinimumVisualStudioVersion = 10.0.40219.1
Project("{9A19103F-16F7-4668-BE54-9A1E7A4F7556}") = "Yol.Punla", "Yol.Punla\Yol.Punla\Yol.Punla.csproj", "{A2558AB2-35FB-4C36-9F38-3F518CD55616}"
EndProject
Project("{FAE04EC0-301F-11D3-BF4B-00C04F79EFBC}") = "Yol.Punla.iOS", "Yol.Punla\Yol.Punla.iOS\Yol.Punla.iOS.csproj", "{D5E86B23-EE2B-45C7-885B-3335CBB15A4D}"
EndProject
Project("{2150E333-8FDC-42A3-9474-1A3956D46DE8}") = "_XPlatform", "_XPlatform", "{39A069C3-0FBA-4415-B232-08A5E52E5B84}"
EndProject
Project("{2150E333-8FDC-42A3-9474-1A3956D46DE8}") = "Main", "Main", "{DD7146A7-5E66-42C6-BD05-1CA45B71BCF4}"
EndProject
Project("{2150E333-8FDC-42A3-9474-1A3956D46DE8}") = "Test", "Test", "{99DC3F5A-92C5-4163-8B6B-1E9983FB5A5B}"
EndProject
Project("{FAE04EC0-301F-11D3-BF4B-00C04F79EFBC}") = "Yol.Punla.Android", "Yol.Punla\Yol.Punla.Droid\Yol.Punla.Android.csproj", "{39DB45C0-C9B5-480E-853A-9DE684ADE9FA}"
EndProject
Project("{FAE04EC0-301F-11D3-BF4B-00C04F79EFBC}") = "Yol.Punla.UnitTest", "Yol.Punla.UnitTest\Yol.Punla.UnitTest.csproj", "{F35980BD-73DD-49BD-BAAD-6156F1772E4B}"
EndProject
Global
	GlobalSection(SolutionConfigurationPlatforms) = preSolution
		Ad-Hoc|Any CPU = Ad-Hoc|Any CPU
		Ad-Hoc|iPhone = Ad-Hoc|iPhone
		Ad-Hoc|iPhoneSimulator = Ad-Hoc|iPhoneSimulator
		AppStore|Any CPU = AppStore|Any CPU
		AppStore|iPhone = AppStore|iPhone
		AppStore|iPhoneSimulator = AppStore|iPhoneSimulator
		Debug|Any CPU = Debug|Any CPU
		Debug|iPhone = Debug|iPhone
		Debug|iPhoneSimulator = Debug|iPhoneSimulator
		FAKEDebug|Any CPU = FAKEDebug|Any CPU
		FAKEDebug|iPhone = FAKEDebug|iPhone
		FAKEDebug|iPhoneSimulator = FAKEDebug|iPhoneSimulator
		Release|Any CPU = Release|Any CPU
		Release|iPhone = Release|iPhone
		Release|iPhoneSimulator = Release|iPhoneSimulator
	EndGlobalSection
	GlobalSection(ProjectConfigurationPlatforms) = postSolution
		{A2558AB2-35FB-4C36-9F38-3F518CD55616}.Ad-Hoc|Any CPU.ActiveCfg = Release|Any CPU
		{A2558AB2-35FB-4C36-9F38-3F518CD55616}.Ad-Hoc|Any CPU.Build.0 = Release|Any CPU
		{A2558AB2-35FB-4C36-9F38-3F518CD55616}.Ad-Hoc|iPhone.ActiveCfg = Release|Any CPU
		{A2558AB2-35FB-4C36-9F38-3F518CD55616}.Ad-Hoc|iPhone.Build.0 = Release|Any CPU
		{A2558AB2-35FB-4C36-9F38-3F518CD55616}.Ad-Hoc|iPhoneSimulator.ActiveCfg = Release|Any CPU
		{A2558AB2-35FB-4C36-9F38-3F518CD55616}.Ad-Hoc|iPhoneSimulator.Build.0 = Release|Any CPU
		{A2558AB2-35FB-4C36-9F38-3F518CD55616}.AppStore|Any CPU.ActiveCfg = Release|Any CPU
		{A2558AB2-35FB-4C36-9F38-3F518CD55616}.AppStore|Any CPU.Build.0 = Release|Any CPU
		{A2558AB2-35FB-4C36-9F38-3F518CD55616}.AppStore|iPhone.ActiveCfg = Release|Any CPU
		{A2558AB2-35FB-4C36-9F38-3F518CD55616}.AppStore|iPhone.Build.0 = Release|Any CPU
		{A2558AB2-35FB-4C36-9F38-3F518CD55616}.AppStore|iPhoneSimulator.ActiveCfg = Release|Any CPU
		{A2558AB2-35FB-4C36-9F38-3F518CD55616}.AppStore|iPhoneSimulator.Build.0 = Release|Any CPU
		{A2558AB2-35FB-4C36-9F38-3F518CD55616}.Debug|Any CPU.ActiveCfg = Debug|Any CPU
		{A2558AB2-35FB-4C36-9F38-3F518CD55616}.Debug|Any CPU.Build.0 = Debug|Any CPU
		{A2558AB2-35FB-4C36-9F38-3F518CD55616}.Debug|iPhone.ActiveCfg = Debug|Any CPU
		{A2558AB2-35FB-4C36-9F38-3F518CD55616}.Debug|iPhone.Build.0 = Debug|Any CPU
		{A2558AB2-35FB-4C36-9F38-3F518CD55616}.Debug|iPhoneSimulator.ActiveCfg = Debug|Any CPU
		{A2558AB2-35FB-4C36-9F38-3F518CD55616}.Debug|iPhoneSimulator.Build.0 = Debug|Any CPU
		{A2558AB2-35FB-4C36-9F38-3F518CD55616}.FAKEDebug|Any CPU.ActiveCfg = FAKEDebug|Any CPU
		{A2558AB2-35FB-4C36-9F38-3F518CD55616}.FAKEDebug|Any CPU.Build.0 = FAKEDebug|Any CPU
		{A2558AB2-35FB-4C36-9F38-3F518CD55616}.FAKEDebug|iPhone.ActiveCfg = Debug|Any CPU
		{A2558AB2-35FB-4C36-9F38-3F518CD55616}.FAKEDebug|iPhone.Build.0 = Debug|Any CPU
		{A2558AB2-35FB-4C36-9F38-3F518CD55616}.FAKEDebug|iPhoneSimulator.ActiveCfg = Debug|Any CPU
		{A2558AB2-35FB-4C36-9F38-3F518CD55616}.FAKEDebug|iPhoneSimulator.Build.0 = Debug|Any CPU
		{A2558AB2-35FB-4C36-9F38-3F518CD55616}.Release|Any CPU.ActiveCfg = Release|Any CPU
		{A2558AB2-35FB-4C36-9F38-3F518CD55616}.Release|Any CPU.Build.0 = Release|Any CPU
		{A2558AB2-35FB-4C36-9F38-3F518CD55616}.Release|iPhone.ActiveCfg = Release|Any CPU
		{A2558AB2-35FB-4C36-9F38-3F518CD55616}.Release|iPhone.Build.0 = Release|Any CPU
		{A2558AB2-35FB-4C36-9F38-3F518CD55616}.Release|iPhoneSimulator.ActiveCfg = Release|Any CPU
		{A2558AB2-35FB-4C36-9F38-3F518CD55616}.Release|iPhoneSimulator.Build.0 = Release|Any CPU
		{D5E86B23-EE2B-45C7-885B-3335CBB15A4D}.Ad-Hoc|Any CPU.ActiveCfg = Ad-Hoc|iPhone
		{D5E86B23-EE2B-45C7-885B-3335CBB15A4D}.Ad-Hoc|iPhone.ActiveCfg = Ad-Hoc|iPhone
		{D5E86B23-EE2B-45C7-885B-3335CBB15A4D}.Ad-Hoc|iPhone.Build.0 = Ad-Hoc|iPhone
		{D5E86B23-EE2B-45C7-885B-3335CBB15A4D}.Ad-Hoc|iPhoneSimulator.ActiveCfg = Ad-Hoc|iPhoneSimulator
		{D5E86B23-EE2B-45C7-885B-3335CBB15A4D}.Ad-Hoc|iPhoneSimulator.Build.0 = Ad-Hoc|iPhoneSimulator
		{D5E86B23-EE2B-45C7-885B-3335CBB15A4D}.AppStore|Any CPU.ActiveCfg = AppStore|iPhone
		{D5E86B23-EE2B-45C7-885B-3335CBB15A4D}.AppStore|iPhone.ActiveCfg = AppStore|iPhone
		{D5E86B23-EE2B-45C7-885B-3335CBB15A4D}.AppStore|iPhone.Build.0 = AppStore|iPhone
		{D5E86B23-EE2B-45C7-885B-3335CBB15A4D}.AppStore|iPhoneSimulator.ActiveCfg = AppStore|iPhoneSimulator
		{D5E86B23-EE2B-45C7-885B-3335CBB15A4D}.AppStore|iPhoneSimulator.Build.0 = AppStore|iPhoneSimulator
		{D5E86B23-EE2B-45C7-885B-3335CBB15A4D}.Debug|Any CPU.ActiveCfg = Debug|iPhone
		{D5E86B23-EE2B-45C7-885B-3335CBB15A4D}.Debug|iPhone.ActiveCfg = Debug|iPhone
		{D5E86B23-EE2B-45C7-885B-3335CBB15A4D}.Debug|iPhone.Build.0 = Debug|iPhone
		{D5E86B23-EE2B-45C7-885B-3335CBB15A4D}.Debug|iPhoneSimulator.ActiveCfg = Debug|iPhoneSimulator
		{D5E86B23-EE2B-45C7-885B-3335CBB15A4D}.Debug|iPhoneSimulator.Build.0 = Debug|iPhoneSimulator
		{D5E86B23-EE2B-45C7-885B-3335CBB15A4D}.FAKEDebug|Any CPU.ActiveCfg = Debug|iPhone
		{D5E86B23-EE2B-45C7-885B-3335CBB15A4D}.FAKEDebug|iPhone.ActiveCfg = Debug|iPhone
		{D5E86B23-EE2B-45C7-885B-3335CBB15A4D}.FAKEDebug|iPhone.Build.0 = Debug|iPhone
		{D5E86B23-EE2B-45C7-885B-3335CBB15A4D}.FAKEDebug|iPhoneSimulator.ActiveCfg = Debug|iPhoneSimulator
		{D5E86B23-EE2B-45C7-885B-3335CBB15A4D}.FAKEDebug|iPhoneSimulator.Build.0 = Debug|iPhoneSimulator
		{D5E86B23-EE2B-45C7-885B-3335CBB15A4D}.Release|Any CPU.ActiveCfg = Release|iPhone
		{D5E86B23-EE2B-45C7-885B-3335CBB15A4D}.Release|iPhone.ActiveCfg = Release|iPhone
		{D5E86B23-EE2B-45C7-885B-3335CBB15A4D}.Release|iPhone.Build.0 = Release|iPhone
		{D5E86B23-EE2B-45C7-885B-3335CBB15A4D}.Release|iPhoneSimulator.ActiveCfg = Release|iPhoneSimulator
		{D5E86B23-EE2B-45C7-885B-3335CBB15A4D}.Release|iPhoneSimulator.Build.0 = Release|iPhoneSimulator
		{39DB45C0-C9B5-480E-853A-9DE684ADE9FA}.Ad-Hoc|Any CPU.ActiveCfg = Release|Any CPU
		{39DB45C0-C9B5-480E-853A-9DE684ADE9FA}.Ad-Hoc|Any CPU.Build.0 = Release|Any CPU
		{39DB45C0-C9B5-480E-853A-9DE684ADE9FA}.Ad-Hoc|Any CPU.Deploy.0 = Release|Any CPU
		{39DB45C0-C9B5-480E-853A-9DE684ADE9FA}.Ad-Hoc|iPhone.ActiveCfg = Release|Any CPU
		{39DB45C0-C9B5-480E-853A-9DE684ADE9FA}.Ad-Hoc|iPhone.Build.0 = Release|Any CPU
		{39DB45C0-C9B5-480E-853A-9DE684ADE9FA}.Ad-Hoc|iPhone.Deploy.0 = Release|Any CPU
		{39DB45C0-C9B5-480E-853A-9DE684ADE9FA}.Ad-Hoc|iPhoneSimulator.ActiveCfg = Release|Any CPU
		{39DB45C0-C9B5-480E-853A-9DE684ADE9FA}.Ad-Hoc|iPhoneSimulator.Build.0 = Release|Any CPU
		{39DB45C0-C9B5-480E-853A-9DE684ADE9FA}.Ad-Hoc|iPhoneSimulator.Deploy.0 = Release|Any CPU
		{39DB45C0-C9B5-480E-853A-9DE684ADE9FA}.AppStore|Any CPU.ActiveCfg = Release|Any CPU
		{39DB45C0-C9B5-480E-853A-9DE684ADE9FA}.AppStore|Any CPU.Build.0 = Release|Any CPU
		{39DB45C0-C9B5-480E-853A-9DE684ADE9FA}.AppStore|Any CPU.Deploy.0 = Release|Any CPU
		{39DB45C0-C9B5-480E-853A-9DE684ADE9FA}.AppStore|iPhone.ActiveCfg = Release|Any CPU
		{39DB45C0-C9B5-480E-853A-9DE684ADE9FA}.AppStore|iPhone.Build.0 = Release|Any CPU
		{39DB45C0-C9B5-480E-853A-9DE684ADE9FA}.AppStore|iPhone.Deploy.0 = Release|Any CPU
		{39DB45C0-C9B5-480E-853A-9DE684ADE9FA}.AppStore|iPhoneSimulator.ActiveCfg = Release|Any CPU
		{39DB45C0-C9B5-480E-853A-9DE684ADE9FA}.AppStore|iPhoneSimulator.Build.0 = Release|Any CPU
		{39DB45C0-C9B5-480E-853A-9DE684ADE9FA}.AppStore|iPhoneSimulator.Deploy.0 = Release|Any CPU
		{39DB45C0-C9B5-480E-853A-9DE684ADE9FA}.Debug|Any CPU.ActiveCfg = Debug|Any CPU
		{39DB45C0-C9B5-480E-853A-9DE684ADE9FA}.Debug|Any CPU.Build.0 = Debug|Any CPU
		{39DB45C0-C9B5-480E-853A-9DE684ADE9FA}.Debug|Any CPU.Deploy.0 = Debug|Any CPU
		{39DB45C0-C9B5-480E-853A-9DE684ADE9FA}.Debug|iPhone.ActiveCfg = Debug|Any CPU
		{39DB45C0-C9B5-480E-853A-9DE684ADE9FA}.Debug|iPhoneSimulator.ActiveCfg = Debug|Any CPU
		{39DB45C0-C9B5-480E-853A-9DE684ADE9FA}.FAKEDebug|Any CPU.ActiveCfg = Debug|Any CPU
		{39DB45C0-C9B5-480E-853A-9DE684ADE9FA}.FAKEDebug|iPhone.ActiveCfg = Debug|Any CPU
		{39DB45C0-C9B5-480E-853A-9DE684ADE9FA}.FAKEDebug|iPhone.Build.0 = Debug|Any CPU
		{39DB45C0-C9B5-480E-853A-9DE684ADE9FA}.FAKEDebug|iPhone.Deploy.0 = Debug|Any CPU
		{39DB45C0-C9B5-480E-853A-9DE684ADE9FA}.FAKEDebug|iPhoneSimulator.ActiveCfg = Debug|Any CPU
		{39DB45C0-C9B5-480E-853A-9DE684ADE9FA}.FAKEDebug|iPhoneSimulator.Build.0 = Debug|Any CPU
		{39DB45C0-C9B5-480E-853A-9DE684ADE9FA}.FAKEDebug|iPhoneSimulator.Deploy.0 = Debug|Any CPU
		{39DB45C0-C9B5-480E-853A-9DE684ADE9FA}.Release|Any CPU.ActiveCfg = Release|Any CPU
		{39DB45C0-C9B5-480E-853A-9DE684ADE9FA}.Release|Any CPU.Build.0 = Release|Any CPU
		{39DB45C0-C9B5-480E-853A-9DE684ADE9FA}.Release|Any CPU.Deploy.0 = Release|Any CPU
		{39DB45C0-C9B5-480E-853A-9DE684ADE9FA}.Release|iPhone.ActiveCfg = Release|Any CPU
		{39DB45C0-C9B5-480E-853A-9DE684ADE9FA}.Release|iPhone.Build.0 = Release|Any CPU
		{39DB45C0-C9B5-480E-853A-9DE684ADE9FA}.Release|iPhone.Deploy.0 = Release|Any CPU
		{39DB45C0-C9B5-480E-853A-9DE684ADE9FA}.Release|iPhoneSimulator.ActiveCfg = Release|Any CPU
		{F35980BD-73DD-49BD-BAAD-6156F1772E4B}.Ad-Hoc|Any CPU.ActiveCfg = Release|Any CPU
		{F35980BD-73DD-49BD-BAAD-6156F1772E4B}.Ad-Hoc|Any CPU.Build.0 = Release|Any CPU
		{F35980BD-73DD-49BD-BAAD-6156F1772E4B}.Ad-Hoc|iPhone.ActiveCfg = Release|Any CPU
		{F35980BD-73DD-49BD-BAAD-6156F1772E4B}.Ad-Hoc|iPhone.Build.0 = Release|Any CPU
		{F35980BD-73DD-49BD-BAAD-6156F1772E4B}.Ad-Hoc|iPhoneSimulator.ActiveCfg = Release|Any CPU
		{F35980BD-73DD-49BD-BAAD-6156F1772E4B}.Ad-Hoc|iPhoneSimulator.Build.0 = Release|Any CPU
		{F35980BD-73DD-49BD-BAAD-6156F1772E4B}.AppStore|Any CPU.ActiveCfg = Release|Any CPU
		{F35980BD-73DD-49BD-BAAD-6156F1772E4B}.AppStore|Any CPU.Build.0 = Release|Any CPU
		{F35980BD-73DD-49BD-BAAD-6156F1772E4B}.AppStore|iPhone.ActiveCfg = Release|Any CPU
		{F35980BD-73DD-49BD-BAAD-6156F1772E4B}.AppStore|iPhone.Build.0 = Release|Any CPU
		{F35980BD-73DD-49BD-BAAD-6156F1772E4B}.AppStore|iPhoneSimulator.ActiveCfg = Release|Any CPU
		{F35980BD-73DD-49BD-BAAD-6156F1772E4B}.AppStore|iPhoneSimulator.Build.0 = Release|Any CPU
		{F35980BD-73DD-49BD-BAAD-6156F1772E4B}.Debug|Any CPU.ActiveCfg = Debug|Any CPU
		{F35980BD-73DD-49BD-BAAD-6156F1772E4B}.Debug|iPhone.ActiveCfg = Debug|Any CPU
		{F35980BD-73DD-49BD-BAAD-6156F1772E4B}.Debug|iPhone.Build.0 = Debug|Any CPU
		{F35980BD-73DD-49BD-BAAD-6156F1772E4B}.Debug|iPhoneSimulator.ActiveCfg = Debug|Any CPU
		{F35980BD-73DD-49BD-BAAD-6156F1772E4B}.Debug|iPhoneSimulator.Build.0 = Debug|Any CPU
		{F35980BD-73DD-49BD-BAAD-6156F1772E4B}.FAKEDebug|Any CPU.ActiveCfg = Debug|Any CPU
		{F35980BD-73DD-49BD-BAAD-6156F1772E4B}.FAKEDebug|Any CPU.Build.0 = Debug|Any CPU
		{F35980BD-73DD-49BD-BAAD-6156F1772E4B}.FAKEDebug|iPhone.ActiveCfg = Debug|Any CPU
		{F35980BD-73DD-49BD-BAAD-6156F1772E4B}.FAKEDebug|iPhone.Build.0 = Debug|Any CPU
		{F35980BD-73DD-49BD-BAAD-6156F1772E4B}.FAKEDebug|iPhoneSimulator.ActiveCfg = Debug|Any CPU
		{F35980BD-73DD-49BD-BAAD-6156F1772E4B}.FAKEDebug|iPhoneSimulator.Build.0 = Debug|Any CPU
		{F35980BD-73DD-49BD-BAAD-6156F1772E4B}.Release|Any CPU.ActiveCfg = Release|Any CPU
		{F35980BD-73DD-49BD-BAAD-6156F1772E4B}.Release|Any CPU.Build.0 = Release|Any CPU
		{F35980BD-73DD-49BD-BAAD-6156F1772E4B}.Release|iPhone.ActiveCfg = Release|Any CPU
		{F35980BD-73DD-49BD-BAAD-6156F1772E4B}.Release|iPhone.Build.0 = Release|Any CPU
		{F35980BD-73DD-49BD-BAAD-6156F1772E4B}.Release|iPhoneSimulator.ActiveCfg = Release|Any CPU
		{F35980BD-73DD-49BD-BAAD-6156F1772E4B}.Release|iPhoneSimulator.Build.0 = Release|Any CPU
	EndGlobalSection
	GlobalSection(SolutionProperties) = preSolution
		HideSolutionNode = FALSE
	EndGlobalSection
	GlobalSection(NestedProjects) = preSolution
		{A2558AB2-35FB-4C36-9F38-3F518CD55616} = {DD7146A7-5E66-42C6-BD05-1CA45B71BCF4}
		{D5E86B23-EE2B-45C7-885B-3335CBB15A4D} = {DD7146A7-5E66-42C6-BD05-1CA45B71BCF4}
		{39DB45C0-C9B5-480E-853A-9DE684ADE9FA} = {DD7146A7-5E66-42C6-BD05-1CA45B71BCF4}
		{F35980BD-73DD-49BD-BAAD-6156F1772E4B} = {99DC3F5A-92C5-4163-8B6B-1E9983FB5A5B}
	EndGlobalSection
	GlobalSection(ExtensibilityGlobals) = postSolution
		SolutionGuid = {4DDE810E-ACC6-4183-8295-1E4872F5F866}
	EndGlobalSection
EndGlobal
